
Microsoft Visual Studio Solution File, Format Version 12.00
# Visual Studio Version 17
VisualStudioVersion = 17.0.31919.166
MinimumVisualStudioVersion = 10.0.40219.1
Project("{FAE04EC0-301F-11D3-BF4B-00C04F79EFBC}") = "CBPresentation_API", "CBPresentation_API.csproj", "{9889685C-1C1C-4974-9278-C5840E45713A}"
EndProject
Project("{FAE04EC0-301F-11D3-BF4B-00C04F79EFBC}") = "BLL", "..\BLL\BLL.csproj", "{99C2CC13-A895-47AC-9334-E40AAAA3E9DD}"
EndProject
Project("{FAE04EC0-301F-11D3-BF4B-00C04F79EFBC}") = "DAL", "..\DAL\DAL.csproj", "{DFF89FC2-E260-4CD2-BFE2-1889CF0A6126}"
EndProject
Global
	GlobalSection(SolutionConfigurationPlatforms) = preSolution
		Debug|Any CPU = Debug|Any CPU
		Release|Any CPU = Release|Any CPU
	EndGlobalSection
	GlobalSection(ProjectConfigurationPlatforms) = postSolution
		{9889685C-1C1C-4974-9278-C5840E45713A}.Debug|Any CPU.ActiveCfg = Debug|Any CPU
		{9889685C-1C1C-4974-9278-C5840E45713A}.Debug|Any CPU.Build.0 = Debug|Any CPU
		{9889685C-1C1C-4974-9278-C5840E45713A}.Release|Any CPU.ActiveCfg = Release|Any CPU
		{9889685C-1C1C-4974-9278-C5840E45713A}.Release|Any CPU.Build.0 = Release|Any CPU
		{99C2CC13-A895-47AC-9334-E40AAAA3E9DD}.Debug|Any CPU.ActiveCfg = Debug|Any CPU
		{99C2CC13-A895-47AC-9334-E40AAAA3E9DD}.Debug|Any CPU.Build.0 = Debug|Any CPU
		{99C2CC13-A895-47AC-9334-E40AAAA3E9DD}.Release|Any CPU.ActiveCfg = Release|Any CPU
		{99C2CC13-A895-47AC-9334-E40AAAA3E9DD}.Release|Any CPU.Build.0 = Release|Any CPU
		{DFF89FC2-E260-4CD2-BFE2-1889CF0A6126}.Debug|Any CPU.ActiveCfg = Debug|Any CPU
		{DFF89FC2-E260-4CD2-BFE2-1889CF0A6126}.Debug|Any CPU.Build.0 = Debug|Any CPU
		{DFF89FC2-E260-4CD2-BFE2-1889CF0A6126}.Release|Any CPU.ActiveCfg = Release|Any CPU
		{DFF89FC2-E260-4CD2-BFE2-1889CF0A6126}.Release|Any CPU.Build.0 = Release|Any CPU
	EndGlobalSection
	GlobalSection(SolutionProperties) = preSolution
		HideSolutionNode = FALSE
	EndGlobalSection
	GlobalSection(ExtensibilityGlobals) = postSolution
		SolutionGuid = {AE73921D-9DC2-4676-BABE-F79094929CCA}
	EndGlobalSection
EndGlobal
